// !$*UTF8*$!
{
	archiveVersion = 1;
	classes = {
	};
	objectVersion = 51;
	objects = {

/* Begin PBXBuildFile section */
		1E0C31FE256CDFF7009FFEAB /* UIColorExtension.swift in Sources */ = {isa = PBXBuildFile; fileRef = 1E0C31FD256CDFF7009FFEAB /* UIColorExtension.swift */; };
		1E0C3210256CE3C8009FFEAB /* UpdateViewController.swift in Sources */ = {isa = PBXBuildFile; fileRef = 1E0C320F256CE3C8009FFEAB /* UpdateViewController.swift */; };
		1E0C3223256CEBF3009FFEAB /* ScanViewController.swift in Sources */ = {isa = PBXBuildFile; fileRef = 1E0C3222256CEBF3009FFEAB /* ScanViewController.swift */; };
		1E0C3228256CF1A6009FFEAB /* DeviceCell.swift in Sources */ = {isa = PBXBuildFile; fileRef = 1E0C3227256CF1A6009FFEAB /* DeviceCell.swift */; };
		1E0C322D256D039A009FFEAB /* UIResponder+Scene.swift in Sources */ = {isa = PBXBuildFile; fileRef = 1E0C322C256D039A009FFEAB /* UIResponder+Scene.swift */; };
		1E0C3232256D066C009FFEAB /* FirmwareViewController.swift in Sources */ = {isa = PBXBuildFile; fileRef = 1E0C3231256D066C009FFEAB /* FirmwareViewController.swift */; };
		1E8FDA0D256C7E6F00682D7F /* AppDelegate.swift in Sources */ = {isa = PBXBuildFile; fileRef = 1E8FDA0C256C7E6F00682D7F /* AppDelegate.swift */; };
		1E8FDA0F256C7E6F00682D7F /* SceneDelegate.swift in Sources */ = {isa = PBXBuildFile; fileRef = 1E8FDA0E256C7E6F00682D7F /* SceneDelegate.swift */; };
		1E8FDA11256C7E6F00682D7F /* ViewController.swift in Sources */ = {isa = PBXBuildFile; fileRef = 1E8FDA10256C7E6F00682D7F /* ViewController.swift */; };
		1E8FDA14256C7E6F00682D7F /* Main.storyboard in Resources */ = {isa = PBXBuildFile; fileRef = 1E8FDA12256C7E6F00682D7F /* Main.storyboard */; };
		1E8FDA16256C7E7400682D7F /* Assets.xcassets in Resources */ = {isa = PBXBuildFile; fileRef = 1E8FDA15256C7E7400682D7F /* Assets.xcassets */; };
		1E8FDA19256C7E7400682D7F /* LaunchScreen.storyboard in Resources */ = {isa = PBXBuildFile; fileRef = 1E8FDA17256C7E7400682D7F /* LaunchScreen.storyboard */; };
		4BD6DC941D8A7C5AFF883461 /* Pods_PeroDFU_PeroDFUUITests.framework in Frameworks */ = {isa = PBXBuildFile; fileRef = C5DEC523660DF22A1F9E7776 /* Pods_PeroDFU_PeroDFUUITests.framework */; };
		8A3EEE57217999E3F4534D46 /* Pods_PeroDFUTests.framework in Frameworks */ = {isa = PBXBuildFile; fileRef = 8539D8E8F0BA5D1757BD377E /* Pods_PeroDFUTests.framework */; };
		D5CA8BC7093B8E0EE23D0FB1 /* Pods_PeroDFU.framework in Frameworks */ = {isa = PBXBuildFile; fileRef = 0D7FE591EC3FD32059676ED4 /* Pods_PeroDFU.framework */; };
/* End PBXBuildFile section */

/* Begin PBXContainerItemProxy section */
		1E8FDA20256C7E7400682D7F /* PBXContainerItemProxy */ = {
			isa = PBXContainerItemProxy;
			containerPortal = 1E8FDA01256C7E6E00682D7F /* Project object */;
			proxyType = 1;
			remoteGlobalIDString = 1E8FDA08256C7E6F00682D7F;
			remoteInfo = PeroDFU;
		};
		1E8FDA2B256C7E7400682D7F /* PBXContainerItemProxy */ = {
			isa = PBXContainerItemProxy;
			containerPortal = 1E8FDA01256C7E6E00682D7F /* Project object */;
			proxyType = 1;
			remoteGlobalIDString = 1E8FDA08256C7E6F00682D7F;
			remoteInfo = PeroDFU;
		};
/* End PBXContainerItemProxy section */

/* Begin PBXFileReference section */
		0D7FE591EC3FD32059676ED4 /* Pods_PeroDFU.framework */ = {isa = PBXFileReference; explicitFileType = wrapper.framework; includeInIndex = 0; path = Pods_PeroDFU.framework; sourceTree = BUILT_PRODUCTS_DIR; };
		173C423ADE6E81A20D50BBF0 /* Pods-PeroDFU-PeroDFUUITests.release.xcconfig */ = {isa = PBXFileReference; includeInIndex = 1; lastKnownFileType = text.xcconfig; name = "Pods-PeroDFU-PeroDFUUITests.release.xcconfig"; path = "Target Support Files/Pods-PeroDFU-PeroDFUUITests/Pods-PeroDFU-PeroDFUUITests.release.xcconfig"; sourceTree = "<group>"; };
		1E0C31AC256CAB70009FFEAB /* PeroDFU.entitlements */ = {isa = PBXFileReference; lastKnownFileType = text.plist.entitlements; path = PeroDFU.entitlements; sourceTree = "<group>"; };
		1E0C31FD256CDFF7009FFEAB /* UIColorExtension.swift */ = {isa = PBXFileReference; lastKnownFileType = sourcecode.swift; path = UIColorExtension.swift; sourceTree = "<group>"; };
		1E0C320F256CE3C8009FFEAB /* UpdateViewController.swift */ = {isa = PBXFileReference; lastKnownFileType = sourcecode.swift; path = UpdateViewController.swift; sourceTree = "<group>"; };
		1E0C3222256CEBF3009FFEAB /* ScanViewController.swift */ = {isa = PBXFileReference; lastKnownFileType = sourcecode.swift; path = ScanViewController.swift; sourceTree = "<group>"; };
		1E0C3227256CF1A6009FFEAB /* DeviceCell.swift */ = {isa = PBXFileReference; lastKnownFileType = sourcecode.swift; path = DeviceCell.swift; sourceTree = "<group>"; };
		1E0C322C256D039A009FFEAB /* UIResponder+Scene.swift */ = {isa = PBXFileReference; lastKnownFileType = sourcecode.swift; path = "UIResponder+Scene.swift"; sourceTree = "<group>"; };
		1E0C3231256D066C009FFEAB /* FirmwareViewController.swift */ = {isa = PBXFileReference; lastKnownFileType = sourcecode.swift; path = FirmwareViewController.swift; sourceTree = "<group>"; };
		1E8FDA09256C7E6F00682D7F /* PeroDFU.app */ = {isa = PBXFileReference; explicitFileType = wrapper.application; includeInIndex = 0; path = PeroDFU.app; sourceTree = BUILT_PRODUCTS_DIR; };
		1E8FDA0C256C7E6F00682D7F /* AppDelegate.swift */ = {isa = PBXFileReference; lastKnownFileType = sourcecode.swift; path = AppDelegate.swift; sourceTree = "<group>"; };
		1E8FDA0E256C7E6F00682D7F /* SceneDelegate.swift */ = {isa = PBXFileReference; lastKnownFileType = sourcecode.swift; path = SceneDelegate.swift; sourceTree = "<group>"; };
		1E8FDA10256C7E6F00682D7F /* ViewController.swift */ = {isa = PBXFileReference; lastKnownFileType = sourcecode.swift; path = ViewController.swift; sourceTree = "<group>"; };
		1E8FDA13256C7E6F00682D7F /* Base */ = {isa = PBXFileReference; lastKnownFileType = file.storyboard; name = Base; path = Base.lproj/Main.storyboard; sourceTree = "<group>"; };
		1E8FDA15256C7E7400682D7F /* Assets.xcassets */ = {isa = PBXFileReference; lastKnownFileType = folder.assetcatalog; path = Assets.xcassets; sourceTree = "<group>"; };
		1E8FDA18256C7E7400682D7F /* Base */ = {isa = PBXFileReference; lastKnownFileType = file.storyboard; name = Base; path = Base.lproj/LaunchScreen.storyboard; sourceTree = "<group>"; };
		1E8FDA1A256C7E7400682D7F /* Info.plist */ = {isa = PBXFileReference; lastKnownFileType = text.plist.xml; path = Info.plist; sourceTree = "<group>"; };
		1E8FDA1F256C7E7400682D7F /* PeroDFUTests.xctest */ = {isa = PBXFileReference; explicitFileType = wrapper.cfbundle; includeInIndex = 0; path = PeroDFUTests.xctest; sourceTree = BUILT_PRODUCTS_DIR; };
		1E8FDA2A256C7E7400682D7F /* PeroDFUUITests.xctest */ = {isa = PBXFileReference; explicitFileType = wrapper.cfbundle; includeInIndex = 0; path = PeroDFUUITests.xctest; sourceTree = BUILT_PRODUCTS_DIR; };
		2CE5A2C4DECF174DDFA45859 /* Pods-PeroDFUTests.debug.xcconfig */ = {isa = PBXFileReference; includeInIndex = 1; lastKnownFileType = text.xcconfig; name = "Pods-PeroDFUTests.debug.xcconfig"; path = "Target Support Files/Pods-PeroDFUTests/Pods-PeroDFUTests.debug.xcconfig"; sourceTree = "<group>"; };
		8242C4E9FB06A804FA17A115 /* Pods-PeroDFU.release.xcconfig */ = {isa = PBXFileReference; includeInIndex = 1; lastKnownFileType = text.xcconfig; name = "Pods-PeroDFU.release.xcconfig"; path = "Target Support Files/Pods-PeroDFU/Pods-PeroDFU.release.xcconfig"; sourceTree = "<group>"; };
		8539D8E8F0BA5D1757BD377E /* Pods_PeroDFUTests.framework */ = {isa = PBXFileReference; explicitFileType = wrapper.framework; includeInIndex = 0; path = Pods_PeroDFUTests.framework; sourceTree = BUILT_PRODUCTS_DIR; };
		AC4281A65500A6B7BA267645 /* Pods-PeroDFU.debug.xcconfig */ = {isa = PBXFileReference; includeInIndex = 1; lastKnownFileType = text.xcconfig; name = "Pods-PeroDFU.debug.xcconfig"; path = "Target Support Files/Pods-PeroDFU/Pods-PeroDFU.debug.xcconfig"; sourceTree = "<group>"; };
		C5DEC523660DF22A1F9E7776 /* Pods_PeroDFU_PeroDFUUITests.framework */ = {isa = PBXFileReference; explicitFileType = wrapper.framework; includeInIndex = 0; path = Pods_PeroDFU_PeroDFUUITests.framework; sourceTree = BUILT_PRODUCTS_DIR; };
		DE09FFABE88D4FBB34999768 /* Pods-PeroDFUTests.release.xcconfig */ = {isa = PBXFileReference; includeInIndex = 1; lastKnownFileType = text.xcconfig; name = "Pods-PeroDFUTests.release.xcconfig"; path = "Target Support Files/Pods-PeroDFUTests/Pods-PeroDFUTests.release.xcconfig"; sourceTree = "<group>"; };
		FB8EB9A519E6BD97AD4D828D /* Pods-PeroDFU-PeroDFUUITests.debug.xcconfig */ = {isa = PBXFileReference; includeInIndex = 1; lastKnownFileType = text.xcconfig; name = "Pods-PeroDFU-PeroDFUUITests.debug.xcconfig"; path = "Target Support Files/Pods-PeroDFU-PeroDFUUITests/Pods-PeroDFU-PeroDFUUITests.debug.xcconfig"; sourceTree = "<group>"; };
/* End PBXFileReference section */

/* Begin PBXFrameworksBuildPhase section */
		1E8FDA06256C7E6F00682D7F /* Frameworks */ = {
			isa = PBXFrameworksBuildPhase;
			buildActionMask = 2147483647;
			files = (
				D5CA8BC7093B8E0EE23D0FB1 /* Pods_PeroDFU.framework in Frameworks */,
			);
			runOnlyForDeploymentPostprocessing = 0;
		};
		1E8FDA1C256C7E7400682D7F /* Frameworks */ = {
			isa = PBXFrameworksBuildPhase;
			buildActionMask = 2147483647;
			files = (
				8A3EEE57217999E3F4534D46 /* Pods_PeroDFUTests.framework in Frameworks */,
			);
			runOnlyForDeploymentPostprocessing = 0;
		};
		1E8FDA27256C7E7400682D7F /* Frameworks */ = {
			isa = PBXFrameworksBuildPhase;
			buildActionMask = 2147483647;
			files = (
				4BD6DC941D8A7C5AFF883461 /* Pods_PeroDFU_PeroDFUUITests.framework in Frameworks */,
			);
			runOnlyForDeploymentPostprocessing = 0;
		};
/* End PBXFrameworksBuildPhase section */

/* Begin PBXGroup section */
		1E8FDA00256C7E6E00682D7F = {
			isa = PBXGroup;
			children = (
				1E8FDA0B256C7E6F00682D7F /* PeroDFU */,
				1E8FDA0A256C7E6F00682D7F /* Products */,
				98868466B700EC48FC6EB968 /* Frameworks */,
				788354255DB9DDAB2286F979 /* Pods */,
			);
			sourceTree = "<group>";
		};
		1E8FDA0A256C7E6F00682D7F /* Products */ = {
			isa = PBXGroup;
			children = (
				1E8FDA09256C7E6F00682D7F /* PeroDFU.app */,
				1E8FDA1F256C7E7400682D7F /* PeroDFUTests.xctest */,
				1E8FDA2A256C7E7400682D7F /* PeroDFUUITests.xctest */,
			);
			name = Products;
			sourceTree = "<group>";
		};
		1E8FDA0B256C7E6F00682D7F /* PeroDFU */ = {
			isa = PBXGroup;
			children = (
				1E0C31AC256CAB70009FFEAB /* PeroDFU.entitlements */,
				1E8FDA0C256C7E6F00682D7F /* AppDelegate.swift */,
				1E8FDA0E256C7E6F00682D7F /* SceneDelegate.swift */,
				1E8FDA10256C7E6F00682D7F /* ViewController.swift */,
				1E0C322C256D039A009FFEAB /* UIResponder+Scene.swift */,
				1E0C320F256CE3C8009FFEAB /* UpdateViewController.swift */,
				1E0C3231256D066C009FFEAB /* FirmwareViewController.swift */,
				1E0C3222256CEBF3009FFEAB /* ScanViewController.swift */,
				1E0C31FD256CDFF7009FFEAB /* UIColorExtension.swift */,
				1E0C3227256CF1A6009FFEAB /* DeviceCell.swift */,
				1E8FDA12256C7E6F00682D7F /* Main.storyboard */,
				1E8FDA15256C7E7400682D7F /* Assets.xcassets */,
				1E8FDA17256C7E7400682D7F /* LaunchScreen.storyboard */,
				1E8FDA1A256C7E7400682D7F /* Info.plist */,
			);
			path = PeroDFU;
			sourceTree = "<group>";
		};
		788354255DB9DDAB2286F979 /* Pods */ = {
			isa = PBXGroup;
			children = (
				AC4281A65500A6B7BA267645 /* Pods-PeroDFU.debug.xcconfig */,
				8242C4E9FB06A804FA17A115 /* Pods-PeroDFU.release.xcconfig */,
				FB8EB9A519E6BD97AD4D828D /* Pods-PeroDFU-PeroDFUUITests.debug.xcconfig */,
				173C423ADE6E81A20D50BBF0 /* Pods-PeroDFU-PeroDFUUITests.release.xcconfig */,
				2CE5A2C4DECF174DDFA45859 /* Pods-PeroDFUTests.debug.xcconfig */,
				DE09FFABE88D4FBB34999768 /* Pods-PeroDFUTests.release.xcconfig */,
			);
			path = Pods;
			sourceTree = "<group>";
		};
		98868466B700EC48FC6EB968 /* Frameworks */ = {
			isa = PBXGroup;
			children = (
				0D7FE591EC3FD32059676ED4 /* Pods_PeroDFU.framework */,
				C5DEC523660DF22A1F9E7776 /* Pods_PeroDFU_PeroDFUUITests.framework */,
				8539D8E8F0BA5D1757BD377E /* Pods_PeroDFUTests.framework */,
			);
			name = Frameworks;
			sourceTree = "<group>";
		};
/* End PBXGroup section */

/* Begin PBXNativeTarget section */
		1E8FDA08256C7E6F00682D7F /* PeroDFU */ = {
			isa = PBXNativeTarget;
			buildConfigurationList = 1E8FDA33256C7E7500682D7F /* Build configuration list for PBXNativeTarget "PeroDFU" */;
			buildPhases = (
				D8780C193D51AD27F5849C41 /* [CP] Check Pods Manifest.lock */,
				1E8FDA05256C7E6F00682D7F /* Sources */,
				1E8FDA06256C7E6F00682D7F /* Frameworks */,
				1E8FDA07256C7E6F00682D7F /* Resources */,
				F9F44F5C339591ECB30BBE72 /* [CP] Embed Pods Frameworks */,
			);
			buildRules = (
			);
			dependencies = (
			);
			name = PeroDFU;
			productName = PeroDFU;
			productReference = 1E8FDA09256C7E6F00682D7F /* PeroDFU.app */;
			productType = "com.apple.product-type.application";
		};
		1E8FDA1E256C7E7400682D7F /* PeroDFUTests */ = {
			isa = PBXNativeTarget;
			buildConfigurationList = 1E8FDA36256C7E7500682D7F /* Build configuration list for PBXNativeTarget "PeroDFUTests" */;
			buildPhases = (
				B8D19B0704122C3E1DA30E53 /* [CP] Check Pods Manifest.lock */,
				1E8FDA1B256C7E7400682D7F /* Sources */,
				1E8FDA1C256C7E7400682D7F /* Frameworks */,
				1E8FDA1D256C7E7400682D7F /* Resources */,
			);
			buildRules = (
			);
			dependencies = (
				1E8FDA21256C7E7400682D7F /* PBXTargetDependency */,
			);
			name = PeroDFUTests;
			productName = PeroDFUTests;
			productReference = 1E8FDA1F256C7E7400682D7F /* PeroDFUTests.xctest */;
			productType = "com.apple.product-type.bundle.unit-test";
		};
		1E8FDA29256C7E7400682D7F /* PeroDFUUITests */ = {
			isa = PBXNativeTarget;
			buildConfigurationList = 1E8FDA39256C7E7500682D7F /* Build configuration list for PBXNativeTarget "PeroDFUUITests" */;
			buildPhases = (
				BF29FF8C35510D1C6E247A58 /* [CP] Check Pods Manifest.lock */,
				1E8FDA26256C7E7400682D7F /* Sources */,
				1E8FDA27256C7E7400682D7F /* Frameworks */,
				1E8FDA28256C7E7400682D7F /* Resources */,
				05F693B05D6C6B858767ED64 /* [CP] Embed Pods Frameworks */,
			);
			buildRules = (
			);
			dependencies = (
				1E8FDA2C256C7E7400682D7F /* PBXTargetDependency */,
			);
			name = PeroDFUUITests;
			productName = PeroDFUUITests;
			productReference = 1E8FDA2A256C7E7400682D7F /* PeroDFUUITests.xctest */;
			productType = "com.apple.product-type.bundle.ui-testing";
		};
/* End PBXNativeTarget section */

/* Begin PBXProject section */
		1E8FDA01256C7E6E00682D7F /* Project object */ = {
			isa = PBXProject;
			attributes = {
				LastSwiftUpdateCheck = 1220;
				LastUpgradeCheck = 1220;
				TargetAttributes = {
					1E8FDA08256C7E6F00682D7F = {
						CreatedOnToolsVersion = 12.2;
					};
					1E8FDA1E256C7E7400682D7F = {
						CreatedOnToolsVersion = 12.2;
						TestTargetID = 1E8FDA08256C7E6F00682D7F;
					};
					1E8FDA29256C7E7400682D7F = {
						CreatedOnToolsVersion = 12.2;
						TestTargetID = 1E8FDA08256C7E6F00682D7F;
					};
				};
			};
			buildConfigurationList = 1E8FDA04256C7E6E00682D7F /* Build configuration list for PBXProject "PeroDFU" */;
			compatibilityVersion = "Xcode 9.3";
			developmentRegion = en;
			hasScannedForEncodings = 0;
			knownRegions = (
				en,
				Base,
			);
			mainGroup = 1E8FDA00256C7E6E00682D7F;
			productRefGroup = 1E8FDA0A256C7E6F00682D7F /* Products */;
			projectDirPath = "";
			projectRoot = "";
			targets = (
				1E8FDA08256C7E6F00682D7F /* PeroDFU */,
				1E8FDA1E256C7E7400682D7F /* PeroDFUTests */,
				1E8FDA29256C7E7400682D7F /* PeroDFUUITests */,
			);
		};
/* End PBXProject section */

/* Begin PBXResourcesBuildPhase section */
		1E8FDA07256C7E6F00682D7F /* Resources */ = {
			isa = PBXResourcesBuildPhase;
			buildActionMask = 2147483647;
			files = (
				1E8FDA19256C7E7400682D7F /* LaunchScreen.storyboard in Resources */,
				1E8FDA16256C7E7400682D7F /* Assets.xcassets in Resources */,
				1E8FDA14256C7E6F00682D7F /* Main.storyboard in Resources */,
			);
			runOnlyForDeploymentPostprocessing = 0;
		};
		1E8FDA1D256C7E7400682D7F /* Resources */ = {
			isa = PBXResourcesBuildPhase;
			buildActionMask = 2147483647;
			files = (
			);
			runOnlyForDeploymentPostprocessing = 0;
		};
		1E8FDA28256C7E7400682D7F /* Resources */ = {
			isa = PBXResourcesBuildPhase;
			buildActionMask = 2147483647;
			files = (
			);
			runOnlyForDeploymentPostprocessing = 0;
		};
/* End PBXResourcesBuildPhase section */

/* Begin PBXShellScriptBuildPhase section */
		05F693B05D6C6B858767ED64 /* [CP] Embed Pods Frameworks */ = {
			isa = PBXShellScriptBuildPhase;
			buildActionMask = 2147483647;
			files = (
			);
			inputFileListPaths = (
				"${PODS_ROOT}/Target Support Files/Pods-PeroDFU-PeroDFUUITests/Pods-PeroDFU-PeroDFUUITests-frameworks-${CONFIGURATION}-input-files.xcfilelist",
			);
			name = "[CP] Embed Pods Frameworks";
			outputFileListPaths = (
				"${PODS_ROOT}/Target Support Files/Pods-PeroDFU-PeroDFUUITests/Pods-PeroDFU-PeroDFUUITests-frameworks-${CONFIGURATION}-output-files.xcfilelist",
			);
			runOnlyForDeploymentPostprocessing = 0;
			shellPath = /bin/sh;
			shellScript = "\"${PODS_ROOT}/Target Support Files/Pods-PeroDFU-PeroDFUUITests/Pods-PeroDFU-PeroDFUUITests-frameworks.sh\"\n";
			showEnvVarsInLog = 0;
		};
		B8D19B0704122C3E1DA30E53 /* [CP] Check Pods Manifest.lock */ = {
			isa = PBXShellScriptBuildPhase;
			buildActionMask = 2147483647;
			files = (
			);
			inputFileListPaths = (
			);
			inputPaths = (
				"${PODS_PODFILE_DIR_PATH}/Podfile.lock",
				"${PODS_ROOT}/Manifest.lock",
			);
			name = "[CP] Check Pods Manifest.lock";
			outputFileListPaths = (
			);
			outputPaths = (
				"$(DERIVED_FILE_DIR)/Pods-PeroDFUTests-checkManifestLockResult.txt",
			);
			runOnlyForDeploymentPostprocessing = 0;
			shellPath = /bin/sh;
			shellScript = "diff \"${PODS_PODFILE_DIR_PATH}/Podfile.lock\" \"${PODS_ROOT}/Manifest.lock\" > /dev/null\nif [ $? != 0 ] ; then\n    # print error to STDERR\n    echo \"error: The sandbox is not in sync with the Podfile.lock. Run 'pod install' or update your CocoaPods installation.\" >&2\n    exit 1\nfi\n# This output is used by Xcode 'outputs' to avoid re-running this script phase.\necho \"SUCCESS\" > \"${SCRIPT_OUTPUT_FILE_0}\"\n";
			showEnvVarsInLog = 0;
		};
		BF29FF8C35510D1C6E247A58 /* [CP] Check Pods Manifest.lock */ = {
			isa = PBXShellScriptBuildPhase;
			buildActionMask = 2147483647;
			files = (
			);
			inputFileListPaths = (
			);
			inputPaths = (
				"${PODS_PODFILE_DIR_PATH}/Podfile.lock",
				"${PODS_ROOT}/Manifest.lock",
			);
			name = "[CP] Check Pods Manifest.lock";
			outputFileListPaths = (
			);
			outputPaths = (
				"$(DERIVED_FILE_DIR)/Pods-PeroDFU-PeroDFUUITests-checkManifestLockResult.txt",
			);
			runOnlyForDeploymentPostprocessing = 0;
			shellPath = /bin/sh;
			shellScript = "diff \"${PODS_PODFILE_DIR_PATH}/Podfile.lock\" \"${PODS_ROOT}/Manifest.lock\" > /dev/null\nif [ $? != 0 ] ; then\n    # print error to STDERR\n    echo \"error: The sandbox is not in sync with the Podfile.lock. Run 'pod install' or update your CocoaPods installation.\" >&2\n    exit 1\nfi\n# This output is used by Xcode 'outputs' to avoid re-running this script phase.\necho \"SUCCESS\" > \"${SCRIPT_OUTPUT_FILE_0}\"\n";
			showEnvVarsInLog = 0;
		};
		D8780C193D51AD27F5849C41 /* [CP] Check Pods Manifest.lock */ = {
			isa = PBXShellScriptBuildPhase;
			buildActionMask = 2147483647;
			files = (
			);
			inputFileListPaths = (
			);
			inputPaths = (
				"${PODS_PODFILE_DIR_PATH}/Podfile.lock",
				"${PODS_ROOT}/Manifest.lock",
			);
			name = "[CP] Check Pods Manifest.lock";
			outputFileListPaths = (
			);
			outputPaths = (
				"$(DERIVED_FILE_DIR)/Pods-PeroDFU-checkManifestLockResult.txt",
			);
			runOnlyForDeploymentPostprocessing = 0;
			shellPath = /bin/sh;
			shellScript = "diff \"${PODS_PODFILE_DIR_PATH}/Podfile.lock\" \"${PODS_ROOT}/Manifest.lock\" > /dev/null\nif [ $? != 0 ] ; then\n    # print error to STDERR\n    echo \"error: The sandbox is not in sync with the Podfile.lock. Run 'pod install' or update your CocoaPods installation.\" >&2\n    exit 1\nfi\n# This output is used by Xcode 'outputs' to avoid re-running this script phase.\necho \"SUCCESS\" > \"${SCRIPT_OUTPUT_FILE_0}\"\n";
			showEnvVarsInLog = 0;
		};
		F9F44F5C339591ECB30BBE72 /* [CP] Embed Pods Frameworks */ = {
			isa = PBXShellScriptBuildPhase;
			buildActionMask = 2147483647;
			files = (
			);
			inputFileListPaths = (
				"${PODS_ROOT}/Target Support Files/Pods-PeroDFU/Pods-PeroDFU-frameworks-${CONFIGURATION}-input-files.xcfilelist",
			);
			name = "[CP] Embed Pods Frameworks";
			outputFileListPaths = (
				"${PODS_ROOT}/Target Support Files/Pods-PeroDFU/Pods-PeroDFU-frameworks-${CONFIGURATION}-output-files.xcfilelist",
			);
			runOnlyForDeploymentPostprocessing = 0;
			shellPath = /bin/sh;
			shellScript = "\"${PODS_ROOT}/Target Support Files/Pods-PeroDFU/Pods-PeroDFU-frameworks.sh\"\n";
			showEnvVarsInLog = 0;
		};
/* End PBXShellScriptBuildPhase section */

/* Begin PBXSourcesBuildPhase section */
		1E8FDA05256C7E6F00682D7F /* Sources */ = {
			isa = PBXSourcesBuildPhase;
			buildActionMask = 2147483647;
			files = (
				1E8FDA11256C7E6F00682D7F /* ViewController.swift in Sources */,
				1E8FDA0D256C7E6F00682D7F /* AppDelegate.swift in Sources */,
				1E8FDA0F256C7E6F00682D7F /* SceneDelegate.swift in Sources */,
				1E0C322D256D039A009FFEAB /* UIResponder+Scene.swift in Sources */,
				1E0C3228256CF1A6009FFEAB /* DeviceCell.swift in Sources */,
				1E0C31FE256CDFF7009FFEAB /* UIColorExtension.swift in Sources */,
				1E0C3210256CE3C8009FFEAB /* UpdateViewController.swift in Sources */,
				1E0C3232256D066C009FFEAB /* FirmwareViewController.swift in Sources */,
				1E0C3223256CEBF3009FFEAB /* ScanViewController.swift in Sources */,
			);
			runOnlyForDeploymentPostprocessing = 0;
		};
		1E8FDA1B256C7E7400682D7F /* Sources */ = {
			isa = PBXSourcesBuildPhase;
			buildActionMask = 2147483647;
			files = (
			);
			runOnlyForDeploymentPostprocessing = 0;
		};
		1E8FDA26256C7E7400682D7F /* Sources */ = {
			isa = PBXSourcesBuildPhase;
			buildActionMask = 2147483647;
			files = (
			);
			runOnlyForDeploymentPostprocessing = 0;
		};
/* End PBXSourcesBuildPhase section */

/* Begin PBXTargetDependency section */
		1E8FDA21256C7E7400682D7F /* PBXTargetDependency */ = {
			isa = PBXTargetDependency;
			target = 1E8FDA08256C7E6F00682D7F /* PeroDFU */;
			targetProxy = 1E8FDA20256C7E7400682D7F /* PBXContainerItemProxy */;
		};
		1E8FDA2C256C7E7400682D7F /* PBXTargetDependency */ = {
			isa = PBXTargetDependency;
			target = 1E8FDA08256C7E6F00682D7F /* PeroDFU */;
			targetProxy = 1E8FDA2B256C7E7400682D7F /* PBXContainerItemProxy */;
		};
/* End PBXTargetDependency section */

/* Begin PBXVariantGroup section */
		1E8FDA12256C7E6F00682D7F /* Main.storyboard */ = {
			isa = PBXVariantGroup;
			children = (
				1E8FDA13256C7E6F00682D7F /* Base */,
			);
			name = Main.storyboard;
			sourceTree = "<group>";
		};
		1E8FDA17256C7E7400682D7F /* LaunchScreen.storyboard */ = {
			isa = PBXVariantGroup;
			children = (
				1E8FDA18256C7E7400682D7F /* Base */,
			);
			name = LaunchScreen.storyboard;
			sourceTree = "<group>";
		};
/* End PBXVariantGroup section */

/* Begin XCBuildConfiguration section */
		1E8FDA31256C7E7400682D7F /* Debug */ = {
			isa = XCBuildConfiguration;
			buildSettings = {
				ALWAYS_SEARCH_USER_PATHS = NO;
				CLANG_ANALYZER_NONNULL = YES;
				CLANG_ANALYZER_NUMBER_OBJECT_CONVERSION = YES_AGGRESSIVE;
				CLANG_CXX_LANGUAGE_STANDARD = "gnu++14";
				CLANG_CXX_LIBRARY = "libc++";
				CLANG_ENABLE_MODULES = YES;
				CLANG_ENABLE_OBJC_ARC = YES;
				CLANG_ENABLE_OBJC_WEAK = YES;
				CLANG_WARN_BLOCK_CAPTURE_AUTORELEASING = YES;
				CLANG_WARN_BOOL_CONVERSION = YES;
				CLANG_WARN_COMMA = YES;
				CLANG_WARN_CONSTANT_CONVERSION = YES;
				CLANG_WARN_DEPRECATED_OBJC_IMPLEMENTATIONS = YES;
				CLANG_WARN_DIRECT_OBJC_ISA_USAGE = YES_ERROR;
				CLANG_WARN_DOCUMENTATION_COMMENTS = YES;
				CLANG_WARN_EMPTY_BODY = YES;
				CLANG_WARN_ENUM_CONVERSION = YES;
				CLANG_WARN_INFINITE_RECURSION = YES;
				CLANG_WARN_INT_CONVERSION = YES;
				CLANG_WARN_NON_LITERAL_NULL_CONVERSION = YES;
				CLANG_WARN_OBJC_IMPLICIT_RETAIN_SELF = YES;
				CLANG_WARN_OBJC_LITERAL_CONVERSION = YES;
				CLANG_WARN_OBJC_ROOT_CLASS = YES_ERROR;
				CLANG_WARN_QUOTED_INCLUDE_IN_FRAMEWORK_HEADER = YES;
				CLANG_WARN_RANGE_LOOP_ANALYSIS = YES;
				CLANG_WARN_STRICT_PROTOTYPES = YES;
				CLANG_WARN_SUSPICIOUS_MOVE = YES;
				CLANG_WARN_UNGUARDED_AVAILABILITY = YES_AGGRESSIVE;
				CLANG_WARN_UNREACHABLE_CODE = YES;
				CLANG_WARN__DUPLICATE_METHOD_MATCH = YES;
				COPY_PHASE_STRIP = NO;
				DEBUG_INFORMATION_FORMAT = dwarf;
				ENABLE_STRICT_OBJC_MSGSEND = YES;
				ENABLE_TESTABILITY = YES;
				GCC_C_LANGUAGE_STANDARD = gnu11;
				GCC_DYNAMIC_NO_PIC = NO;
				GCC_NO_COMMON_BLOCKS = YES;
				GCC_OPTIMIZATION_LEVEL = 0;
				GCC_PREPROCESSOR_DEFINITIONS = (
					"DEBUG=1",
					"$(inherited)",
				);
				GCC_WARN_64_TO_32_BIT_CONVERSION = YES;
				GCC_WARN_ABOUT_RETURN_TYPE = YES_ERROR;
				GCC_WARN_UNDECLARED_SELECTOR = YES;
				GCC_WARN_UNINITIALIZED_AUTOS = YES_AGGRESSIVE;
				GCC_WARN_UNUSED_FUNCTION = YES;
				GCC_WARN_UNUSED_VARIABLE = YES;
				IPHONEOS_DEPLOYMENT_TARGET = 13.0;
				MTL_ENABLE_DEBUG_INFO = INCLUDE_SOURCE;
				MTL_FAST_MATH = YES;
				ONLY_ACTIVE_ARCH = YES;
				SDKROOT = iphoneos;
				SWIFT_ACTIVE_COMPILATION_CONDITIONS = DEBUG;
				SWIFT_OPTIMIZATION_LEVEL = "-Onone";
			};
			name = Debug;
		};
		1E8FDA32256C7E7400682D7F /* Release */ = {
			isa = XCBuildConfiguration;
			buildSettings = {
				ALWAYS_SEARCH_USER_PATHS = NO;
				CLANG_ANALYZER_NONNULL = YES;
				CLANG_ANALYZER_NUMBER_OBJECT_CONVERSION = YES_AGGRESSIVE;
				CLANG_CXX_LANGUAGE_STANDARD = "gnu++14";
				CLANG_CXX_LIBRARY = "libc++";
				CLANG_ENABLE_MODULES = YES;
				CLANG_ENABLE_OBJC_ARC = YES;
				CLANG_ENABLE_OBJC_WEAK = YES;
				CLANG_WARN_BLOCK_CAPTURE_AUTORELEASING = YES;
				CLANG_WARN_BOOL_CONVERSION = YES;
				CLANG_WARN_COMMA = YES;
				CLANG_WARN_CONSTANT_CONVERSION = YES;
				CLANG_WARN_DEPRECATED_OBJC_IMPLEMENTATIONS = YES;
				CLANG_WARN_DIRECT_OBJC_ISA_USAGE = YES_ERROR;
				CLANG_WARN_DOCUMENTATION_COMMENTS = YES;
				CLANG_WARN_EMPTY_BODY = YES;
				CLANG_WARN_ENUM_CONVERSION = YES;
				CLANG_WARN_INFINITE_RECURSION = YES;
				CLANG_WARN_INT_CONVERSION = YES;
				CLANG_WARN_NON_LITERAL_NULL_CONVERSION = YES;
				CLANG_WARN_OBJC_IMPLICIT_RETAIN_SELF = YES;
				CLANG_WARN_OBJC_LITERAL_CONVERSION = YES;
				CLANG_WARN_OBJC_ROOT_CLASS = YES_ERROR;
				CLANG_WARN_QUOTED_INCLUDE_IN_FRAMEWORK_HEADER = YES;
				CLANG_WARN_RANGE_LOOP_ANALYSIS = YES;
				CLANG_WARN_STRICT_PROTOTYPES = YES;
				CLANG_WARN_SUSPICIOUS_MOVE = YES;
				CLANG_WARN_UNGUARDED_AVAILABILITY = YES_AGGRESSIVE;
				CLANG_WARN_UNREACHABLE_CODE = YES;
				CLANG_WARN__DUPLICATE_METHOD_MATCH = YES;
				COPY_PHASE_STRIP = NO;
				DEBUG_INFORMATION_FORMAT = "dwarf-with-dsym";
				ENABLE_NS_ASSERTIONS = NO;
				ENABLE_STRICT_OBJC_MSGSEND = YES;
				GCC_C_LANGUAGE_STANDARD = gnu11;
				GCC_NO_COMMON_BLOCKS = YES;
				GCC_WARN_64_TO_32_BIT_CONVERSION = YES;
				GCC_WARN_ABOUT_RETURN_TYPE = YES_ERROR;
				GCC_WARN_UNDECLARED_SELECTOR = YES;
				GCC_WARN_UNINITIALIZED_AUTOS = YES_AGGRESSIVE;
				GCC_WARN_UNUSED_FUNCTION = YES;
				GCC_WARN_UNUSED_VARIABLE = YES;
				IPHONEOS_DEPLOYMENT_TARGET = 13.0;
				MTL_ENABLE_DEBUG_INFO = NO;
				MTL_FAST_MATH = YES;
				SDKROOT = iphoneos;
				SWIFT_COMPILATION_MODE = wholemodule;
				SWIFT_OPTIMIZATION_LEVEL = "-O";
				VALIDATE_PRODUCT = YES;
			};
			name = Release;
		};
		1E8FDA34256C7E7500682D7F /* Debug */ = {
			isa = XCBuildConfiguration;
			baseConfigurationReference = AC4281A65500A6B7BA267645 /* Pods-PeroDFU.debug.xcconfig */;
			buildSettings = {
				ASSETCATALOG_COMPILER_APPICON_NAME = AppIcon;
				ASSETCATALOG_COMPILER_GLOBAL_ACCENT_COLOR_NAME = AccentColor;
				CODE_SIGN_ENTITLEMENTS = PeroDFU/PeroDFU.entitlements;
				CODE_SIGN_IDENTITY = "iPhone Developer";
				CODE_SIGN_STYLE = Manual;
				DEVELOPMENT_TEAM = V48RJ83RM5;
				INFOPLIST_FILE = PeroDFU/Info.plist;
				LD_RUNPATH_SEARCH_PATHS = (
					"$(inherited)",
					"@executable_path/Frameworks",
				);
				PRODUCT_BUNDLE_IDENTIFIER = com.junsoft.perodfu;
				PRODUCT_NAME = "$(TARGET_NAME)";
				PROVISIONING_PROFILE_SPECIFIER = PeroDFU_Dev;
				SWIFT_VERSION = 5.0;
				TARGETED_DEVICE_FAMILY = "1,2";
			};
			name = Debug;
		};
		1E8FDA35256C7E7500682D7F /* Release */ = {
			isa = XCBuildConfiguration;
			baseConfigurationReference = 8242C4E9FB06A804FA17A115 /* Pods-PeroDFU.release.xcconfig */;
			buildSettings = {
				ASSETCATALOG_COMPILER_APPICON_NAME = AppIcon;
				ASSETCATALOG_COMPILER_GLOBAL_ACCENT_COLOR_NAME = AccentColor;
				CODE_SIGN_ENTITLEMENTS = PeroDFU/PeroDFU.entitlements;
				CODE_SIGN_IDENTITY = "iPhone Developer";
				CODE_SIGN_STYLE = Manual;
				DEVELOPMENT_TEAM = V48RJ83RM5;
				INFOPLIST_FILE = PeroDFU/Info.plist;
				LD_RUNPATH_SEARCH_PATHS = (
					"$(inherited)",
					"@executable_path/Frameworks",
				);
				PRODUCT_BUNDLE_IDENTIFIER = com.junsoft.perodfu;
				PRODUCT_NAME = "$(TARGET_NAME)";
				PROVISIONING_PROFILE_SPECIFIER = PeroDFU_Dev;
				SWIFT_VERSION = 5.0;
				TARGETED_DEVICE_FAMILY = "1,2";
			};
			name = Release;
		};
		1E8FDA37256C7E7500682D7F /* Debug */ = {
			isa = XCBuildConfiguration;
			baseConfigurationReference = 2CE5A2C4DECF174DDFA45859 /* Pods-PeroDFUTests.debug.xcconfig */;
			buildSettings = {
				ALWAYS_EMBED_SWIFT_STANDARD_LIBRARIES = YES;
				BUNDLE_LOADER = "$(TEST_HOST)";
				CODE_SIGN_STYLE = Automatic;
				DEVELOPMENT_TEAM = V48RJ83RM5;
				INFOPLIST_FILE = PeroDFUTests/Info.plist;
				IPHONEOS_DEPLOYMENT_TARGET = 14.2;
				LD_RUNPATH_SEARCH_PATHS = (
					"$(inherited)",
					"@executable_path/Frameworks",
					"@loader_path/Frameworks",
				);
				PRODUCT_BUNDLE_IDENTIFIER = com.junsoft.perodru.PeroDFUTests;
				PRODUCT_NAME = "$(TARGET_NAME)";
				SWIFT_VERSION = 5.0;
				TARGETED_DEVICE_FAMILY = "1,2";
				TEST_HOST = "$(BUILT_PRODUCTS_DIR)/PeroDFU.app/PeroDFU";
			};
			name = Debug;
		};
		1E8FDA38256C7E7500682D7F /* Release */ = {
			isa = XCBuildConfiguration;
			baseConfigurationReference = DE09FFABE88D4FBB34999768 /* Pods-PeroDFUTests.release.xcconfig */;
			buildSettings = {
				ALWAYS_EMBED_SWIFT_STANDARD_LIBRARIES = YES;
				BUNDLE_LOADER = "$(TEST_HOST)";
				CODE_SIGN_STYLE = Automatic;
				DEVELOPMENT_TEAM = V48RJ83RM5;
				INFOPLIST_FILE = PeroDFUTests/Info.plist;
				IPHONEOS_DEPLOYMENT_TARGET = 14.2;
				LD_RUNPATH_SEARCH_PATHS = (
					"$(inherited)",
					"@executable_path/Frameworks",
					"@loader_path/Frameworks",
				);
				PRODUCT_BUNDLE_IDENTIFIER = com.junsoft.perodru.PeroDFUTests;
				PRODUCT_NAME = "$(TARGET_NAME)";
				SWIFT_VERSION = 5.0;
				TARGETED_DEVICE_FAMILY = "1,2";
				TEST_HOST = "$(BUILT_PRODUCTS_DIR)/PeroDFU.app/PeroDFU";
			};
			name = Release;
		};
		1E8FDA3A256C7E7500682D7F /* Debug */ = {
			isa = XCBuildConfiguration;
			baseConfigurationReference = FB8EB9A519E6BD97AD4D828D /* Pods-PeroDFU-PeroDFUUITests.debug.xcconfig */;
			buildSettings = {
				ALWAYS_EMBED_SWIFT_STANDARD_LIBRARIES = YES;
				CODE_SIGN_STYLE = Automatic;
				DEVELOPMENT_TEAM = V48RJ83RM5;
				INFOPLIST_FILE = PeroDFUUITests/Info.plist;
				LD_RUNPATH_SEARCH_PATHS = (
					"$(inherited)",
					"@executable_path/Frameworks",
					"@loader_path/Frameworks",
				);
				PRODUCT_BUNDLE_IDENTIFIER = com.junsoft.perodru.PeroDFUUITests;
				PRODUCT_NAME = "$(TARGET_NAME)";
				SWIFT_VERSION = 5.0;
				TARGETED_DEVICE_FAMILY = "1,2";
				TEST_TARGET_NAME = PeroDFU;
			};
			name = Debug;
		};
		1E8FDA3B256C7E7500682D7F /* Release */ = {
			isa = XCBuildConfiguration;
			baseConfigurationReference = 173C423ADE6E81A20D50BBF0 /* Pods-PeroDFU-PeroDFUUITests.release.xcconfig */;
			buildSettings = {
				ALWAYS_EMBED_SWIFT_STANDARD_LIBRARIES = YES;
				CODE_SIGN_STYLE = Automatic;
				DEVELOPMENT_TEAM = V48RJ83RM5;
				INFOPLIST_FILE = PeroDFUUITests/Info.plist;
				LD_RUNPATH_SEARCH_PATHS = (
					"$(inherited)",
					"@executable_path/Frameworks",
					"@loader_path/Frameworks",
				);
				PRODUCT_BUNDLE_IDENTIFIER = com.junsoft.perodru.PeroDFUUITests;
				PRODUCT_NAME = "$(TARGET_NAME)";
				SWIFT_VERSION = 5.0;
				TARGETED_DEVICE_FAMILY = "1,2";
				TEST_TARGET_NAME = PeroDFU;
			};
			name = Release;
		};
/* End XCBuildConfiguration section */

/* Begin XCConfigurationList section */
		1E8FDA04256C7E6E00682D7F /* Build configuration list for PBXProject "PeroDFU" */ = {
			isa = XCConfigurationList;
			buildConfigurations = (
				1E8FDA31256C7E7400682D7F /* Debug */,
				1E8FDA32256C7E7400682D7F /* Release */,
			);
			defaultConfigurationIsVisible = 0;
			defaultConfigurationName = Release;
		};
		1E8FDA33256C7E7500682D7F /* Build configuration list for PBXNativeTarget "PeroDFU" */ = {
			isa = XCConfigurationList;
			buildConfigurations = (
				1E8FDA34256C7E7500682D7F /* Debug */,
				1E8FDA35256C7E7500682D7F /* Release */,
			);
			defaultConfigurationIsVisible = 0;
			defaultConfigurationName = Release;
		};
		1E8FDA36256C7E7500682D7F /* Build configuration list for PBXNativeTarget "PeroDFUTests" */ = {
			isa = XCConfigurationList;
			buildConfigurations = (
				1E8FDA37256C7E7500682D7F /* Debug */,
				1E8FDA38256C7E7500682D7F /* Release */,
			);
			defaultConfigurationIsVisible = 0;
			defaultConfigurationName = Release;
		};
		1E8FDA39256C7E7500682D7F /* Build configuration list for PBXNativeTarget "PeroDFUUITests" */ = {
			isa = XCConfigurationList;
			buildConfigurations = (
				1E8FDA3A256C7E7500682D7F /* Debug */,
				1E8FDA3B256C7E7500682D7F /* Release */,
			);
			defaultConfigurationIsVisible = 0;
			defaultConfigurationName = Release;
		};
/* End XCConfigurationList section */
	};
	rootObject = 1E8FDA01256C7E6E00682D7F /* Project object */;
}
